// !$*UTF8*$!
{
	archiveVersion = 1;
	classes = {
	};
	objectVersion = 50;
	objects = {

/* Begin PBXBuildFile section */
		C067A9A02156E04400DCF58E /* AppDelegate.swift in Sources */ = {isa = PBXBuildFile; fileRef = C067A99F2156E04400DCF58E /* AppDelegate.swift */; };
		C067A9A22156E04400DCF58E /* ViewController.swift in Sources */ = {isa = PBXBuildFile; fileRef = C067A9A12156E04400DCF58E /* ViewController.swift */; };
		C067A9A52156E04400DCF58E /* Main.storyboard in Resources */ = {isa = PBXBuildFile; fileRef = C067A9A32156E04400DCF58E /* Main.storyboard */; };
		C067A9A72156E04600DCF58E /* Assets.xcassets in Resources */ = {isa = PBXBuildFile; fileRef = C067A9A62156E04600DCF58E /* Assets.xcassets */; };
		C067A9AA2156E04600DCF58E /* LaunchScreen.storyboard in Resources */ = {isa = PBXBuildFile; fileRef = C067A9A82156E04600DCF58E /* LaunchScreen.storyboard */; };
		C067A9B52156E04600DCF58E /* SetGameTests.swift in Sources */ = {isa = PBXBuildFile; fileRef = C067A9B42156E04600DCF58E /* SetGameTests.swift */; };
		C067A9C02156E04600DCF58E /* SetGameUITests.swift in Sources */ = {isa = PBXBuildFile; fileRef = C067A9BF2156E04600DCF58E /* SetGameUITests.swift */; };
/* End PBXBuildFile section */

/* Begin PBXContainerItemProxy section */
		C067A9B12156E04600DCF58E /* PBXContainerItemProxy */ = {
			isa = PBXContainerItemProxy;
			containerPortal = C067A9942156E04400DCF58E /* Project object */;
			proxyType = 1;
			remoteGlobalIDString = C067A99B2156E04400DCF58E;
			remoteInfo = SetGame;
		};
		C067A9BC2156E04600DCF58E /* PBXContainerItemProxy */ = {
			isa = PBXContainerItemProxy;
			containerPortal = C067A9942156E04400DCF58E /* Project object */;
			proxyType = 1;
			remoteGlobalIDString = C067A99B2156E04400DCF58E;
			remoteInfo = SetGame;
		};
/* End PBXContainerItemProxy section */

/* Begin PBXFileReference section */
		C067A99C2156E04400DCF58E /* SetGame.app */ = {isa = PBXFileReference; explicitFileType = wrapper.application; includeInIndex = 0; path = SetGame.app; sourceTree = BUILT_PRODUCTS_DIR; };
		C067A99F2156E04400DCF58E /* AppDelegate.swift */ = {isa = PBXFileReference; lastKnownFileType = sourcecode.swift; path = AppDelegate.swift; sourceTree = "<group>"; };
		C067A9A12156E04400DCF58E /* ViewController.swift */ = {isa = PBXFileReference; lastKnownFileType = sourcecode.swift; path = ViewController.swift; sourceTree = "<group>"; };
		C067A9A42156E04400DCF58E /* Base */ = {isa = PBXFileReference; lastKnownFileType = file.storyboard; name = Base; path = Base.lproj/Main.storyboard; sourceTree = "<group>"; };
		C067A9A62156E04600DCF58E /* Assets.xcassets */ = {isa = PBXFileReference; lastKnownFileType = folder.assetcatalog; path = Assets.xcassets; sourceTree = "<group>"; };
		C067A9A92156E04600DCF58E /* Base */ = {isa = PBXFileReference; lastKnownFileType = file.storyboard; name = Base; path = Base.lproj/LaunchScreen.storyboard; sourceTree = "<group>"; };
		C067A9AB2156E04600DCF58E /* Info.plist */ = {isa = PBXFileReference; lastKnownFileType = text.plist.xml; path = Info.plist; sourceTree = "<group>"; };
		C067A9B02156E04600DCF58E /* SetGameTests.xctest */ = {isa = PBXFileReference; explicitFileType = wrapper.cfbundle; includeInIndex = 0; path = SetGameTests.xctest; sourceTree = BUILT_PRODUCTS_DIR; };
		C067A9B42156E04600DCF58E /* SetGameTests.swift */ = {isa = PBXFileReference; lastKnownFileType = sourcecode.swift; path = SetGameTests.swift; sourceTree = "<group>"; };
		C067A9B62156E04600DCF58E /* Info.plist */ = {isa = PBXFileReference; lastKnownFileType = text.plist.xml; path = Info.plist; sourceTree = "<group>"; };
		C067A9BB2156E04600DCF58E /* SetGameUITests.xctest */ = {isa = PBXFileReference; explicitFileType = wrapper.cfbundle; includeInIndex = 0; path = SetGameUITests.xctest; sourceTree = BUILT_PRODUCTS_DIR; };
		C067A9BF2156E04600DCF58E /* SetGameUITests.swift */ = {isa = PBXFileReference; lastKnownFileType = sourcecode.swift; path = SetGameUITests.swift; sourceTree = "<group>"; };
		C067A9C12156E04600DCF58E /* Info.plist */ = {isa = PBXFileReference; lastKnownFileType = text.plist.xml; path = Info.plist; sourceTree = "<group>"; };
/* End PBXFileReference section */

/* Begin PBXFrameworksBuildPhase section */
		C067A9992156E04400DCF58E /* Frameworks */ = {
			isa = PBXFrameworksBuildPhase;
			buildActionMask = 2147483647;
			files = (
			);
			runOnlyForDeploymentPostprocessing = 0;
		};
		C067A9AD2156E04600DCF58E /* Frameworks */ = {
			isa = PBXFrameworksBuildPhase;
			buildActionMask = 2147483647;
			files = (
			);
			runOnlyForDeploymentPostprocessing = 0;
		};
		C067A9B82156E04600DCF58E /* Frameworks */ = {
			isa = PBXFrameworksBuildPhase;
			buildActionMask = 2147483647;
			files = (
			);
			runOnlyForDeploymentPostprocessing = 0;
		};
/* End PBXFrameworksBuildPhase section */

/* Begin PBXGroup section */
		C067A9932156E04400DCF58E = {
			isa = PBXGroup;
			children = (
				C067A99E2156E04400DCF58E /* SetGame */,
				C067A9B32156E04600DCF58E /* SetGameTests */,
				C067A9BE2156E04600DCF58E /* SetGameUITests */,
				C067A99D2156E04400DCF58E /* Products */,
			);
			sourceTree = "<group>";
		};
		C067A99D2156E04400DCF58E /* Products */ = {
			isa = PBXGroup;
			children = (
				C067A99C2156E04400DCF58E /* SetGame.app */,
				C067A9B02156E04600DCF58E /* SetGameTests.xctest */,
				C067A9BB2156E04600DCF58E /* SetGameUITests.xctest */,
			);
			name = Products;
			sourceTree = "<group>";
		};
		C067A99E2156E04400DCF58E /* SetGame */ = {
			isa = PBXGroup;
			children = (
				C067A99F2156E04400DCF58E /* AppDelegate.swift */,
				C067A9A12156E04400DCF58E /* ViewController.swift */,
				C067A9A32156E04400DCF58E /* Main.storyboard */,
				C067A9A62156E04600DCF58E /* Assets.xcassets */,
				C067A9A82156E04600DCF58E /* LaunchScreen.storyboard */,
				C067A9AB2156E04600DCF58E /* Info.plist */,
			);
			path = SetGame;
			sourceTree = "<group>";
		};
		C067A9B32156E04600DCF58E /* SetGameTests */ = {
			isa = PBXGroup;
			children = (
				C067A9B42156E04600DCF58E /* SetGameTests.swift */,
				C067A9B62156E04600DCF58E /* Info.plist */,
			);
			path = SetGameTests;
			sourceTree = "<group>";
		};
		C067A9BE2156E04600DCF58E /* SetGameUITests */ = {
			isa = PBXGroup;
			children = (
				C067A9BF2156E04600DCF58E /* SetGameUITests.swift */,
				C067A9C12156E04600DCF58E /* Info.plist */,
			);
			path = SetGameUITests;
			sourceTree = "<group>";
		};
/* End PBXGroup section */

/* Begin PBXNativeTarget section */
		C067A99B2156E04400DCF58E /* SetGame */ = {
			isa = PBXNativeTarget;
			buildConfigurationList = C067A9C42156E04600DCF58E /* Build configuration list for PBXNativeTarget "SetGame" */;
			buildPhases = (
				C067A9982156E04400DCF58E /* Sources */,
				C067A9992156E04400DCF58E /* Frameworks */,
				C067A99A2156E04400DCF58E /* Resources */,
			);
			buildRules = (
			);
			dependencies = (
			);
			name = SetGame;
			productName = SetGame;
			productReference = C067A99C2156E04400DCF58E /* SetGame.app */;
			productType = "com.apple.product-type.application";
		};
		C067A9AF2156E04600DCF58E /* SetGameTests */ = {
			isa = PBXNativeTarget;
			buildConfigurationList = C067A9C72156E04600DCF58E /* Build configuration list for PBXNativeTarget "SetGameTests" */;
			buildPhases = (
				C067A9AC2156E04600DCF58E /* Sources */,
				C067A9AD2156E04600DCF58E /* Frameworks */,
				C067A9AE2156E04600DCF58E /* Resources */,
			);
			buildRules = (
			);
			dependencies = (
				C067A9B22156E04600DCF58E /* PBXTargetDependency */,
			);
			name = SetGameTests;
			productName = SetGameTests;
			productReference = C067A9B02156E04600DCF58E /* SetGameTests.xctest */;
			productType = "com.apple.product-type.bundle.unit-test";
		};
		C067A9BA2156E04600DCF58E /* SetGameUITests */ = {
			isa = PBXNativeTarget;
			buildConfigurationList = C067A9CA2156E04600DCF58E /* Build configuration list for PBXNativeTarget "SetGameUITests" */;
			buildPhases = (
				C067A9B72156E04600DCF58E /* Sources */,
				C067A9B82156E04600DCF58E /* Frameworks */,
				C067A9B92156E04600DCF58E /* Resources */,
			);
			buildRules = (
			);
			dependencies = (
				C067A9BD2156E04600DCF58E /* PBXTargetDependency */,
			);
			name = SetGameUITests;
			productName = SetGameUITests;
			productReference = C067A9BB2156E04600DCF58E /* SetGameUITests.xctest */;
			productType = "com.apple.product-type.bundle.ui-testing";
		};
/* End PBXNativeTarget section */

/* Begin PBXProject section */
		C067A9942156E04400DCF58E /* Project object */ = {
			isa = PBXProject;
			attributes = {
				LastSwiftUpdateCheck = 0940;
				LastUpgradeCheck = 0940;
				ORGANIZATIONNAME = "Zachery Miller";
				TargetAttributes = {
					C067A99B2156E04400DCF58E = {
						CreatedOnToolsVersion = 9.4.1;
					};
					C067A9AF2156E04600DCF58E = {
						CreatedOnToolsVersion = 9.4.1;
						TestTargetID = C067A99B2156E04400DCF58E;
					};
					C067A9BA2156E04600DCF58E = {
						CreatedOnToolsVersion = 9.4.1;
						TestTargetID = C067A99B2156E04400DCF58E;
					};
				};
			};
			buildConfigurationList = C067A9972156E04400DCF58E /* Build configuration list for PBXProject "SetGame" */;
			compatibilityVersion = "Xcode 9.3";
			developmentRegion = en;
			hasScannedForEncodings = 0;
			knownRegions = (
				en,
				Base,
			);
			mainGroup = C067A9932156E04400DCF58E;
			productRefGroup = C067A99D2156E04400DCF58E /* Products */;
			projectDirPath = "";
			projectRoot = "";
			targets = (
				C067A99B2156E04400DCF58E /* SetGame */,
				C067A9AF2156E04600DCF58E /* SetGameTests */,
				C067A9BA2156E04600DCF58E /* SetGameUITests */,
			);
		};
/* End PBXProject section */

/* Begin PBXResourcesBuildPhase section */
		C067A99A2156E04400DCF58E /* Resources */ = {
			isa = PBXResourcesBuildPhase;
			buildActionMask = 2147483647;
			files = (
				C067A9AA2156E04600DCF58E /* LaunchScreen.storyboard in Resources */,
				C067A9A72156E04600DCF58E /* Assets.xcassets in Resources */,
				C067A9A52156E04400DCF58E /* Main.storyboard in Resources */,
			);
			runOnlyForDeploymentPostprocessing = 0;
		};
		C067A9AE2156E04600DCF58E /* Resources */ = {
			isa = PBXResourcesBuildPhase;
			buildActionMask = 2147483647;
			files = (
			);
			runOnlyForDeploymentPostprocessing = 0;
		};
		C067A9B92156E04600DCF58E /* Resources */ = {
			isa = PBXResourcesBuildPhase;
			buildActionMask = 2147483647;
			files = (
			);
			runOnlyForDeploymentPostprocessing = 0;
		};
/* End PBXResourcesBuildPhase section */

/* Begin PBXSourcesBuildPhase section */
		C067A9982156E04400DCF58E /* Sources */ = {
			isa = PBXSourcesBuildPhase;
			buildActionMask = 2147483647;
			files = (
				C067A9A22156E04400DCF58E /* ViewController.swift in Sources */,
				C067A9A02156E04400DCF58E /* AppDelegate.swift in Sources */,
			);
			runOnlyForDeploymentPostprocessing = 0;
		};
		C067A9AC2156E04600DCF58E /* Sources */ = {
			isa = PBXSourcesBuildPhase;
			buildActionMask = 2147483647;
			files = (
				C067A9B52156E04600DCF58E /* SetGameTests.swift in Sources */,
			);
			runOnlyForDeploymentPostprocessing = 0;
		};
		C067A9B72156E04600DCF58E /* Sources */ = {
			isa = PBXSourcesBuildPhase;
			buildActionMask = 2147483647;
			files = (
				C067A9C02156E04600DCF58E /* SetGameUITests.swift in Sources */,
			);
			runOnlyForDeploymentPostprocessing = 0;
		};
/* End PBXSourcesBuildPhase section */

/* Begin PBXTargetDependency section */
		C067A9B22156E04600DCF58E /* PBXTargetDependency */ = {
			isa = PBXTargetDependency;
			target = C067A99B2156E04400DCF58E /* SetGame */;
			targetProxy = C067A9B12156E04600DCF58E /* PBXContainerItemProxy */;
		};
		C067A9BD2156E04600DCF58E /* PBXTargetDependency */ = {
			isa = PBXTargetDependency;
			target = C067A99B2156E04400DCF58E /* SetGame */;
			targetProxy = C067A9BC2156E04600DCF58E /* PBXContainerItemProxy */;
		};
/* End PBXTargetDependency section */

/* Begin PBXVariantGroup section */
		C067A9A32156E04400DCF58E /* Main.storyboard */ = {
			isa = PBXVariantGroup;
			children = (
				C067A9A42156E04400DCF58E /* Base */,
			);
			name = Main.storyboard;
			sourceTree = "<group>";
		};
		C067A9A82156E04600DCF58E /* LaunchScreen.storyboard */ = {
			isa = PBXVariantGroup;
			children = (
				C067A9A92156E04600DCF58E /* Base */,
			);
			name = LaunchScreen.storyboard;
			sourceTree = "<group>";
		};
/* End PBXVariantGroup section */

/* Begin XCBuildConfiguration section */
		C067A9C22156E04600DCF58E /* Debug */ = {
			isa = XCBuildConfiguration;
			buildSettings = {
				ALWAYS_SEARCH_USER_PATHS = NO;
				CLANG_ANALYZER_NONNULL = YES;
				CLANG_ANALYZER_NUMBER_OBJECT_CONVERSION = YES_AGGRESSIVE;
				CLANG_CXX_LANGUAGE_STANDARD = "gnu++14";
				CLANG_CXX_LIBRARY = "libc++";
				CLANG_ENABLE_MODULES = YES;
				CLANG_ENABLE_OBJC_ARC = YES;
				CLANG_ENABLE_OBJC_WEAK = YES;
				CLANG_WARN_BLOCK_CAPTURE_AUTORELEASING = YES;
				CLANG_WARN_BOOL_CONVERSION = YES;
				CLANG_WARN_COMMA = YES;
				CLANG_WARN_CONSTANT_CONVERSION = YES;
				CLANG_WARN_DEPRECATED_OBJC_IMPLEMENTATIONS = YES;
				CLANG_WARN_DIRECT_OBJC_ISA_USAGE = YES_ERROR;
				CLANG_WARN_DOCUMENTATION_COMMENTS = YES;
				CLANG_WARN_EMPTY_BODY = YES;
				CLANG_WARN_ENUM_CONVERSION = YES;
				CLANG_WARN_INFINITE_RECURSION = YES;
				CLANG_WARN_INT_CONVERSION = YES;
				CLANG_WARN_NON_LITERAL_NULL_CONVERSION = YES;
				CLANG_WARN_OBJC_IMPLICIT_RETAIN_SELF = YES;
				CLANG_WARN_OBJC_LITERAL_CONVERSION = YES;
				CLANG_WARN_OBJC_ROOT_CLASS = YES_ERROR;
				CLANG_WARN_RANGE_LOOP_ANALYSIS = YES;
				CLANG_WARN_STRICT_PROTOTYPES = YES;
				CLANG_WARN_SUSPICIOUS_MOVE = YES;
				CLANG_WARN_UNGUARDED_AVAILABILITY = YES_AGGRESSIVE;
				CLANG_WARN_UNREACHABLE_CODE = YES;
				CLANG_WARN__DUPLICATE_METHOD_MATCH = YES;
				CODE_SIGN_IDENTITY = "iPhone Developer";
				COPY_PHASE_STRIP = NO;
				DEBUG_INFORMATION_FORMAT = dwarf;
				ENABLE_STRICT_OBJC_MSGSEND = YES;
				ENABLE_TESTABILITY = YES;
				GCC_C_LANGUAGE_STANDARD = gnu11;
				GCC_DYNAMIC_NO_PIC = NO;
				GCC_NO_COMMON_BLOCKS = YES;
				GCC_OPTIMIZATION_LEVEL = 0;
				GCC_PREPROCESSOR_DEFINITIONS = (
					"DEBUG=1",
					"$(inherited)",
				);
				GCC_WARN_64_TO_32_BIT_CONVERSION = YES;
				GCC_WARN_ABOUT_RETURN_TYPE = YES_ERROR;
				GCC_WARN_UNDECLARED_SELECTOR = YES;
				GCC_WARN_UNINITIALIZED_AUTOS = YES_AGGRESSIVE;
				GCC_WARN_UNUSED_FUNCTION = YES;
				GCC_WARN_UNUSED_VARIABLE = YES;
				IPHONEOS_DEPLOYMENT_TARGET = 11.4;
				MTL_ENABLE_DEBUG_INFO = YES;
				ONLY_ACTIVE_ARCH = YES;
				SDKROOT = iphoneos;
				SWIFT_ACTIVE_COMPILATION_CONDITIONS = DEBUG;
				SWIFT_OPTIMIZATION_LEVEL = "-Onone";
			};
			name = Debug;
		};
		C067A9C32156E04600DCF58E /* Release */ = {
			isa = XCBuildConfiguration;
			buildSettings = {
				ALWAYS_SEARCH_USER_PATHS = NO;
				CLANG_ANALYZER_NONNULL = YES;
				CLANG_ANALYZER_NUMBER_OBJECT_CONVERSION = YES_AGGRESSIVE;
				CLANG_CXX_LANGUAGE_STANDARD = "gnu++14";
				CLANG_CXX_LIBRARY = "libc++";
				CLANG_ENABLE_MODULES = YES;
				CLANG_ENABLE_OBJC_ARC = YES;
				CLANG_ENABLE_OBJC_WEAK = YES;
				CLANG_WARN_BLOCK_CAPTURE_AUTORELEASING = YES;
				CLANG_WARN_BOOL_CONVERSION = YES;
				CLANG_WARN_COMMA = YES;
				CLANG_WARN_CONSTANT_CONVERSION = YES;
				CLANG_WARN_DEPRECATED_OBJC_IMPLEMENTATIONS = YES;
				CLANG_WARN_DIRECT_OBJC_ISA_USAGE = YES_ERROR;
				CLANG_WARN_DOCUMENTATION_COMMENTS = YES;
				CLANG_WARN_EMPTY_BODY = YES;
				CLANG_WARN_ENUM_CONVERSION = YES;
				CLANG_WARN_INFINITE_RECURSION = YES;
				CLANG_WARN_INT_CONVERSION = YES;
				CLANG_WARN_NON_LITERAL_NULL_CONVERSION = YES;
				CLANG_WARN_OBJC_IMPLICIT_RETAIN_SELF = YES;
				CLANG_WARN_OBJC_LITERAL_CONVERSION = YES;
				CLANG_WARN_OBJC_ROOT_CLASS = YES_ERROR;
				CLANG_WARN_RANGE_LOOP_ANALYSIS = YES;
				CLANG_WARN_STRICT_PROTOTYPES = YES;
				CLANG_WARN_SUSPICIOUS_MOVE = YES;
				CLANG_WARN_UNGUARDED_AVAILABILITY = YES_AGGRESSIVE;
				CLANG_WARN_UNREACHABLE_CODE = YES;
				CLANG_WARN__DUPLICATE_METHOD_MATCH = YES;
				CODE_SIGN_IDENTITY = "iPhone Developer";
				COPY_PHASE_STRIP = NO;
				DEBUG_INFORMATION_FORMAT = "dwarf-with-dsym";
				ENABLE_NS_ASSERTIONS = NO;
				ENABLE_STRICT_OBJC_MSGSEND = YES;
				GCC_C_LANGUAGE_STANDARD = gnu11;
				GCC_NO_COMMON_BLOCKS = YES;
				GCC_WARN_64_TO_32_BIT_CONVERSION = YES;
				GCC_WARN_ABOUT_RETURN_TYPE = YES_ERROR;
				GCC_WARN_UNDECLARED_SELECTOR = YES;
				GCC_WARN_UNINITIALIZED_AUTOS = YES_AGGRESSIVE;
				GCC_WARN_UNUSED_FUNCTION = YES;
				GCC_WARN_UNUSED_VARIABLE = YES;
				IPHONEOS_DEPLOYMENT_TARGET = 11.4;
				MTL_ENABLE_DEBUG_INFO = NO;
				SDKROOT = iphoneos;
				SWIFT_COMPILATION_MODE = wholemodule;
				SWIFT_OPTIMIZATION_LEVEL = "-O";
				VALIDATE_PRODUCT = YES;
			};
			name = Release;
		};
		C067A9C52156E04600DCF58E /* Debug */ = {
			isa = XCBuildConfiguration;
			buildSettings = {
				ASSETCATALOG_COMPILER_APPICON_NAME = AppIcon;
				CODE_SIGN_STYLE = Automatic;
				INFOPLIST_FILE = SetGame/Info.plist;
				LD_RUNPATH_SEARCH_PATHS = (
					"$(inherited)",
					"@executable_path/Frameworks",
				);
				PRODUCT_BUNDLE_IDENTIFIER = "zmill005-odu.edu.SetGame";
				PRODUCT_NAME = "$(TARGET_NAME)";
				SWIFT_VERSION = 4.0;
				TARGETED_DEVICE_FAMILY = "1,2";
			};
			name = Debug;
		};
		C067A9C62156E04600DCF58E /* Release */ = {
			isa = XCBuildConfiguration;
			buildSettings = {
				ASSETCATALOG_COMPILER_APPICON_NAME = AppIcon;
				CODE_SIGN_STYLE = Automatic;
				INFOPLIST_FILE = SetGame/Info.plist;
				LD_RUNPATH_SEARCH_PATHS = (
					"$(inherited)",
					"@executable_path/Frameworks",
				);
				PRODUCT_BUNDLE_IDENTIFIER = "zmill005-odu.edu.SetGame";
				PRODUCT_NAME = "$(TARGET_NAME)";
				SWIFT_VERSION = 4.0;
				TARGETED_DEVICE_FAMILY = "1,2";
			};
			name = Release;
		};
		C067A9C82156E04600DCF58E /* Debug */ = {
			isa = XCBuildConfiguration;
			buildSettings = {
				ALWAYS_EMBED_SWIFT_STANDARD_LIBRARIES = YES;
				BUNDLE_LOADER = "$(TEST_HOST)";
				CODE_SIGN_STYLE = Automatic;
				INFOPLIST_FILE = SetGameTests/Info.plist;
				LD_RUNPATH_SEARCH_PATHS = (
					"$(inherited)",
					"@executable_path/Frameworks",
					"@loader_path/Frameworks",
				);
				PRODUCT_BUNDLE_IDENTIFIER = "zmill005-odu.edu.SetGameTests";
				PRODUCT_NAME = "$(TARGET_NAME)";
				SWIFT_VERSION = 4.0;
				TARGETED_DEVICE_FAMILY = "1,2";
				TEST_HOST = "$(BUILT_PRODUCTS_DIR)/SetGame.app/SetGame";
			};
			name = Debug;
		};
		C067A9C92156E04600DCF58E /* Release */ = {
			isa = XCBuildConfiguration;
			buildSettings = {
				ALWAYS_EMBED_SWIFT_STANDARD_LIBRARIES = YES;
				BUNDLE_LOADER = "$(TEST_HOST)";
				CODE_SIGN_STYLE = Automatic;
				INFOPLIST_FILE = SetGameTests/Info.plist;
				LD_RUNPATH_SEARCH_PATHS = (
					"$(inherited)",
					"@executable_path/Frameworks",
					"@loader_path/Frameworks",
				);
				PRODUCT_BUNDLE_IDENTIFIER = "zmill005-odu.edu.SetGameTests";
				PRODUCT_NAME = "$(TARGET_NAME)";
				SWIFT_VERSION = 4.0;
				TARGETED_DEVICE_FAMILY = "1,2";
				TEST_HOST = "$(BUILT_PRODUCTS_DIR)/SetGame.app/SetGame";
			};
			name = Release;
		};
		C067A9CB2156E04600DCF58E /* Debug */ = {
			isa = XCBuildConfiguration;
			buildSettings = {
				ALWAYS_EMBED_SWIFT_STANDARD_LIBRARIES = YES;
				CODE_SIGN_STYLE = Automatic;
				INFOPLIST_FILE = SetGameUITests/Info.plist;
				LD_RUNPATH_SEARCH_PATHS = (
					"$(inherited)",
					"@executable_path/Frameworks",
					"@loader_path/Frameworks",
				);
				PRODUCT_BUNDLE_IDENTIFIER = "zmill005-odu.edu.SetGameUITests";
				PRODUCT_NAME = "$(TARGET_NAME)";
				SWIFT_VERSION = 4.0;
				TARGETED_DEVICE_FAMILY = "1,2";
				TEST_TARGET_NAME = SetGame;
			};
			name = Debug;
		};
		C067A9CC2156E04600DCF58E /* Release */ = {
			isa = XCBuildConfiguration;
			buildSettings = {
				ALWAYS_EMBED_SWIFT_STANDARD_LIBRARIES = YES;
				CODE_SIGN_STYLE = Automatic;
				INFOPLIST_FILE = SetGameUITests/Info.plist;
				LD_RUNPATH_SEARCH_PATHS = (
					"$(inherited)",
					"@executable_path/Frameworks",
					"@loader_path/Frameworks",
				);
				PRODUCT_BUNDLE_IDENTIFIER = "zmill005-odu.edu.SetGameUITests";
				PRODUCT_NAME = "$(TARGET_NAME)";
				SWIFT_VERSION = 4.0;
				TARGETED_DEVICE_FAMILY = "1,2";
				TEST_TARGET_NAME = SetGame;
			};
			name = Release;
		};
/* End XCBuildConfiguration section */

/* Begin XCConfigurationList section */
		C067A9972156E04400DCF58E /* Build configuration list for PBXProject "SetGame" */ = {
			isa = XCConfigurationList;
			buildConfigurations = (
				C067A9C22156E04600DCF58E /* Debug */,
				C067A9C32156E04600DCF58E /* Release */,
			);
			defaultConfigurationIsVisible = 0;
			defaultConfigurationName = Release;
		};
		C067A9C42156E04600DCF58E /* Build configuration list for PBXNativeTarget "SetGame" */ = {
			isa = XCConfigurationList;
			buildConfigurations = (
				C067A9C52156E04600DCF58E /* Debug */,
				C067A9C62156E04600DCF58E /* Release */,
			);
			defaultConfigurationIsVisible = 0;
			defaultConfigurationName = Release;
		};
		C067A9C72156E04600DCF58E /* Build configuration list for PBXNativeTarget "SetGameTests" */ = {
			isa = XCConfigurationList;
			buildConfigurations = (
				C067A9C82156E04600DCF58E /* Debug */,
				C067A9C92156E04600DCF58E /* Release */,
			);
			defaultConfigurationIsVisible = 0;
			defaultConfigurationName = Release;
		};
		C067A9CA2156E04600DCF58E /* Build configuration list for PBXNativeTarget "SetGameUITests" */ = {
			isa = XCConfigurationList;
			buildConfigurations = (
				C067A9CB2156E04600DCF58E /* Debug */,
				C067A9CC2156E04600DCF58E /* Release */,
			);
			defaultConfigurationIsVisible = 0;
			defaultConfigurationName = Release;
		};
/* End XCConfigurationList section */
	};
	rootObject = C067A9942156E04400DCF58E /* Project object */;
}
